
Microsoft Visual Studio Solution File, Format Version 12.00
# Visual Studio Version 17
VisualStudioVersion = 17.2.32519.379
MinimumVisualStudioVersion = 10.0.40219.1
Project("{9A19103F-16F7-4668-BE54-9A1E7A4F7556}") = "Our.Umbraco.ReusableContentPicker", "src\Our.Umbraco.ReusableContentPicker\Our.Umbraco.ReusableContentPicker.csproj", "{22DBFDA1-A913-4F70-A112-4C06EDB76CC9}"
EndProject
Global
	GlobalSection(SolutionConfigurationPlatforms) = preSolution
		Debug|Any CPU = Debug|Any CPU
		Release|Any CPU = Release|Any CPU
	EndGlobalSection
	GlobalSection(ProjectConfigurationPlatforms) = postSolution
		{22DBFDA1-A913-4F70-A112-4C06EDB76CC9}.Debug|Any CPU.ActiveCfg = Debug|Any CPU
		{22DBFDA1-A913-4F70-A112-4C06EDB76CC9}.Debug|Any CPU.Build.0 = Debug|Any CPU
		{22DBFDA1-A913-4F70-A112-4C06EDB76CC9}.Release|Any CPU.ActiveCfg = Release|Any CPU
		{22DBFDA1-A913-4F70-A112-4C06EDB76CC9}.Release|Any CPU.Build.0 = Release|Any CPU
	EndGlobalSection
	GlobalSection(SolutionProperties) = preSolution
		HideSolutionNode = FALSE
	EndGlobalSection
	GlobalSection(ExtensibilityGlobals) = postSolution
		SolutionGuid = {51B278C8-E57E-448C-B0FB-590CF3BABAA5}
	EndGlobalSection
EndGlobal
